# This file was autogenerated by Stack.
# You should not edit this file by hand.
# For more information, please see the documentation at:
#   https://docs.haskellstack.org/en/stable/topics/lock_files

packages: []
snapshots:
- completed:
    sha256: fd6c016bb6b7f772ff9b715d7421ec000e0c5a4f31f38726453d600d4444c335
    size: 714038
    url: https://raw.githubusercontent.com/commercialhaskell/stackage-snapshots/master/nightly/2025/5/20.yaml
  original: nightly-2025-05-20
